// !$*UTF8*$!
{
	archiveVersion = 1;
	classes = {
	};
	objectVersion = 55;
	objects = {

/* Begin PBXBuildFile section */
		6527036E2851CA61006637BF /* ARQuickLookKit in Frameworks */ = {isa = PBXBuildFile; productRef = 6527036D2851CA61006637BF /* ARQuickLookKit */; };
		652703702851CA64006637BF /* CameraButton in Frameworks */ = {isa = PBXBuildFile; productRef = 6527036F2851CA64006637BF /* CameraButton */; };
		652703742851CAB5006637BF /* ViewController.swift in Sources */ = {isa = PBXBuildFile; fileRef = 652703712851CAB5006637BF /* ViewController.swift */; };
		652703752851CAB5006637BF /* ViewController+UIGestureRecognizerDelegate.swift in Sources */ = {isa = PBXBuildFile; fileRef = 652703722851CAB5006637BF /* ViewController+UIGestureRecognizerDelegate.swift */; };
		652703762851CAB5006637BF /* ViewController+ARSCNViewDelegate.swift in Sources */ = {isa = PBXBuildFile; fileRef = 652703732851CAB5006637BF /* ViewController+ARSCNViewDelegate.swift */; };
		652703792851CB5F006637BF /* SnapKit in Frameworks */ = {isa = PBXBuildFile; productRef = 652703782851CB5F006637BF /* SnapKit */; };
		659544692851CC0E00306388 /* Models.scnassets in Resources */ = {isa = PBXBuildFile; fileRef = 659544682851CC0E00306388 /* Models.scnassets */; };
		65D322832851C8F6008D665A /* AppDelegate.swift in Sources */ = {isa = PBXBuildFile; fileRef = 65D322822851C8F6008D665A /* AppDelegate.swift */; };
		65D322852851C8F6008D665A /* SceneDelegate.swift in Sources */ = {isa = PBXBuildFile; fileRef = 65D322842851C8F6008D665A /* SceneDelegate.swift */; };
		65D3228A2851C8F6008D665A /* Main.storyboard in Resources */ = {isa = PBXBuildFile; fileRef = 65D322882851C8F6008D665A /* Main.storyboard */; };
		65D3228C2851C8F7008D665A /* Assets.xcassets in Resources */ = {isa = PBXBuildFile; fileRef = 65D3228B2851C8F7008D665A /* Assets.xcassets */; };
		65D3228F2851C8F7008D665A /* LaunchScreen.storyboard in Resources */ = {isa = PBXBuildFile; fileRef = 65D3228D2851C8F7008D665A /* LaunchScreen.storyboard */; };
		772A13D4C1DF15DAD6D4C076 /* Pods_ARQuickLookKitSample.framework in Frameworks */ = {isa = PBXBuildFile; fileRef = BA00E2B5D92987F8CD630F60 /* Pods_ARQuickLookKitSample.framework */; };
/* End PBXBuildFile section */

/* Begin PBXFileReference section */
		01C1B6FE1AE66C13936D4402 /* Pods-ARQuickLookKitSample.debug.xcconfig */ = {isa = PBXFileReference; includeInIndex = 1; lastKnownFileType = text.xcconfig; name = "Pods-ARQuickLookKitSample.debug.xcconfig"; path = "Target Support Files/Pods-ARQuickLookKitSample/Pods-ARQuickLookKitSample.debug.xcconfig"; sourceTree = "<group>"; };
		652703712851CAB5006637BF /* ViewController.swift */ = {isa = PBXFileReference; fileEncoding = 4; lastKnownFileType = sourcecode.swift; path = ViewController.swift; sourceTree = "<group>"; };
		652703722851CAB5006637BF /* ViewController+UIGestureRecognizerDelegate.swift */ = {isa = PBXFileReference; fileEncoding = 4; lastKnownFileType = sourcecode.swift; path = "ViewController+UIGestureRecognizerDelegate.swift"; sourceTree = "<group>"; };
		652703732851CAB5006637BF /* ViewController+ARSCNViewDelegate.swift */ = {isa = PBXFileReference; fileEncoding = 4; lastKnownFileType = sourcecode.swift; path = "ViewController+ARSCNViewDelegate.swift"; sourceTree = "<group>"; };
		659544682851CC0E00306388 /* Models.scnassets */ = {isa = PBXFileReference; lastKnownFileType = wrapper.scnassets; path = Models.scnassets; sourceTree = "<group>"; };
		65D3227F2851C8F6008D665A /* ARQuickLookKitSample.app */ = {isa = PBXFileReference; explicitFileType = wrapper.application; includeInIndex = 0; path = ARQuickLookKitSample.app; sourceTree = BUILT_PRODUCTS_DIR; };
		65D322822851C8F6008D665A /* AppDelegate.swift */ = {isa = PBXFileReference; lastKnownFileType = sourcecode.swift; path = AppDelegate.swift; sourceTree = "<group>"; };
		65D322842851C8F6008D665A /* SceneDelegate.swift */ = {isa = PBXFileReference; lastKnownFileType = sourcecode.swift; path = SceneDelegate.swift; sourceTree = "<group>"; };
		65D322892851C8F6008D665A /* Base */ = {isa = PBXFileReference; lastKnownFileType = file.storyboard; name = Base; path = Base.lproj/Main.storyboard; sourceTree = "<group>"; };
		65D3228B2851C8F7008D665A /* Assets.xcassets */ = {isa = PBXFileReference; lastKnownFileType = folder.assetcatalog; path = Assets.xcassets; sourceTree = "<group>"; };
		65D3228E2851C8F7008D665A /* Base */ = {isa = PBXFileReference; lastKnownFileType = file.storyboard; name = Base; path = Base.lproj/LaunchScreen.storyboard; sourceTree = "<group>"; };
		65D322902851C8F7008D665A /* Info.plist */ = {isa = PBXFileReference; lastKnownFileType = text.plist.xml; path = Info.plist; sourceTree = "<group>"; };
		65E55C8F2851CA2600CE5D9F /* ARQuickLookKit */ = {isa = PBXFileReference; lastKnownFileType = wrapper; name = ARQuickLookKit; path = ../ARQuickLookKit; sourceTree = "<group>"; };
		BA00E2B5D92987F8CD630F60 /* Pods_ARQuickLookKitSample.framework */ = {isa = PBXFileReference; explicitFileType = wrapper.framework; includeInIndex = 0; path = Pods_ARQuickLookKitSample.framework; sourceTree = BUILT_PRODUCTS_DIR; };
		C1E88C4426435A779887F206 /* Pods-ARQuickLookKitSample.release.xcconfig */ = {isa = PBXFileReference; includeInIndex = 1; lastKnownFileType = text.xcconfig; name = "Pods-ARQuickLookKitSample.release.xcconfig"; path = "Target Support Files/Pods-ARQuickLookKitSample/Pods-ARQuickLookKitSample.release.xcconfig"; sourceTree = "<group>"; };
/* End PBXFileReference section */

/* Begin PBXFrameworksBuildPhase section */
		65D3227C2851C8F6008D665A /* Frameworks */ = {
			isa = PBXFrameworksBuildPhase;
			buildActionMask = 2147483647;
			files = (
				652703792851CB5F006637BF /* SnapKit in Frameworks */,
				6527036E2851CA61006637BF /* ARQuickLookKit in Frameworks */,
				652703702851CA64006637BF /* CameraButton in Frameworks */,
				772A13D4C1DF15DAD6D4C076 /* Pods_ARQuickLookKitSample.framework in Frameworks */,
			);
			runOnlyForDeploymentPostprocessing = 0;
		};
/* End PBXFrameworksBuildPhase section */

/* Begin PBXGroup section */
		6527036C2851CA61006637BF /* Frameworks */ = {
			isa = PBXGroup;
			children = (
				BA00E2B5D92987F8CD630F60 /* Pods_ARQuickLookKitSample.framework */,
			);
			name = Frameworks;
			sourceTree = "<group>";
		};
		65D322762851C8F6008D665A = {
			isa = PBXGroup;
			children = (
				65E55C8E2851CA2600CE5D9F /* Packages */,
				65D322812851C8F6008D665A /* ARQuickLookKitSample */,
				65D322802851C8F6008D665A /* Products */,
				6527036C2851CA61006637BF /* Frameworks */,
				F778D759B37CF4AF3EE5DFD7 /* Pods */,
			);
			sourceTree = "<group>";
		};
		65D322802851C8F6008D665A /* Products */ = {
			isa = PBXGroup;
			children = (
				65D3227F2851C8F6008D665A /* ARQuickLookKitSample.app */,
			);
			name = Products;
			sourceTree = "<group>";
		};
		65D322812851C8F6008D665A /* ARQuickLookKitSample */ = {
			isa = PBXGroup;
			children = (
				65D322822851C8F6008D665A /* AppDelegate.swift */,
				65D322842851C8F6008D665A /* SceneDelegate.swift */,
				652703712851CAB5006637BF /* ViewController.swift */,
				652703732851CAB5006637BF /* ViewController+ARSCNViewDelegate.swift */,
				652703722851CAB5006637BF /* ViewController+UIGestureRecognizerDelegate.swift */,
				65D322882851C8F6008D665A /* Main.storyboard */,
				65D3228B2851C8F7008D665A /* Assets.xcassets */,
				659544682851CC0E00306388 /* Models.scnassets */,
				65D3228D2851C8F7008D665A /* LaunchScreen.storyboard */,
				65D322902851C8F7008D665A /* Info.plist */,
			);
			path = ARQuickLookKitSample;
			sourceTree = "<group>";
		};
		65E55C8E2851CA2600CE5D9F /* Packages */ = {
			isa = PBXGroup;
			children = (
				65E55C8F2851CA2600CE5D9F /* ARQuickLookKit */,
			);
			name = Packages;
			sourceTree = "<group>";
		};
		F778D759B37CF4AF3EE5DFD7 /* Pods */ = {
			isa = PBXGroup;
			children = (
				01C1B6FE1AE66C13936D4402 /* Pods-ARQuickLookKitSample.debug.xcconfig */,
				C1E88C4426435A779887F206 /* Pods-ARQuickLookKitSample.release.xcconfig */,
			);
			path = Pods;
			sourceTree = "<group>";
		};
/* End PBXGroup section */

/* Begin PBXNativeTarget section */
		65D3227E2851C8F6008D665A /* ARQuickLookKitSample */ = {
			isa = PBXNativeTarget;
			buildConfigurationList = 65D322932851C8F7008D665A /* Build configuration list for PBXNativeTarget "ARQuickLookKitSample" */;
			buildPhases = (
				1E9EB41D599C33B4C3447EE9 /* [CP] Check Pods Manifest.lock */,
				65D3227B2851C8F6008D665A /* Sources */,
				65D3227C2851C8F6008D665A /* Frameworks */,
				65D3227D2851C8F6008D665A /* Resources */,
				D7F4EA124A0E2DA38C576158 /* [CP] Embed Pods Frameworks */,
			);
			buildRules = (
			);
			dependencies = (
			);
			name = ARQuickLookKitSample;
			packageProductDependencies = (
				6527036D2851CA61006637BF /* ARQuickLookKit */,
				6527036F2851CA64006637BF /* CameraButton */,
				652703782851CB5F006637BF /* SnapKit */,
			);
			productName = ARQuickLookKitSample;
			productReference = 65D3227F2851C8F6008D665A /* ARQuickLookKitSample.app */;
			productType = "com.apple.product-type.application";
		};
/* End PBXNativeTarget section */

/* Begin PBXProject section */
		65D322772851C8F6008D665A /* Project object */ = {
			isa = PBXProject;
			attributes = {
				BuildIndependentTargetsInParallel = 1;
				LastSwiftUpdateCheck = 1330;
				LastUpgradeCheck = 1330;
				TargetAttributes = {
					65D3227E2851C8F6008D665A = {
						CreatedOnToolsVersion = 13.3;
					};
				};
			};
			buildConfigurationList = 65D3227A2851C8F6008D665A /* Build configuration list for PBXProject "ARQuickLookKitSample" */;
			compatibilityVersion = "Xcode 13.0";
			developmentRegion = en;
			hasScannedForEncodings = 0;
			knownRegions = (
				en,
				Base,
			);
			mainGroup = 65D322762851C8F6008D665A;
			packageReferences = (
				652703772851CB5F006637BF /* XCRemoteSwiftPackageReference "SnapKit" */,
			);
			productRefGroup = 65D322802851C8F6008D665A /* Products */;
			projectDirPath = "";
			projectRoot = "";
			targets = (
				65D3227E2851C8F6008D665A /* ARQuickLookKitSample */,
			);
		};
/* End PBXProject section */

/* Begin PBXResourcesBuildPhase section */
		65D3227D2851C8F6008D665A /* Resources */ = {
			isa = PBXResourcesBuildPhase;
			buildActionMask = 2147483647;
			files = (
				65D3228F2851C8F7008D665A /* LaunchScreen.storyboard in Resources */,
				659544692851CC0E00306388 /* Models.scnassets in Resources */,
				65D3228C2851C8F7008D665A /* Assets.xcassets in Resources */,
				65D3228A2851C8F6008D665A /* Main.storyboard in Resources */,
			);
			runOnlyForDeploymentPostprocessing = 0;
		};
/* End PBXResourcesBuildPhase section */

/* Begin PBXShellScriptBuildPhase section */
		1E9EB41D599C33B4C3447EE9 /* [CP] Check Pods Manifest.lock */ = {
			isa = PBXShellScriptBuildPhase;
			buildActionMask = 2147483647;
			files = (
			);
			inputFileListPaths = (
			);
			inputPaths = (
				"${PODS_PODFILE_DIR_PATH}/Podfile.lock",
				"${PODS_ROOT}/Manifest.lock",
			);
			name = "[CP] Check Pods Manifest.lock";
			outputFileListPaths = (
			);
			outputPaths = (
				"$(DERIVED_FILE_DIR)/Pods-ARQuickLookKitSample-checkManifestLockResult.txt",
			);
			runOnlyForDeploymentPostprocessing = 0;
			shellPath = /bin/sh;
			shellScript = "diff \"${PODS_PODFILE_DIR_PATH}/Podfile.lock\" \"${PODS_ROOT}/Manifest.lock\" > /dev/null\nif [ $? != 0 ] ; then\n    # print error to STDERR\n    echo \"error: The sandbox is not in sync with the Podfile.lock. Run 'pod install' or update your CocoaPods installation.\" >&2\n    exit 1\nfi\n# This output is used by Xcode 'outputs' to avoid re-running this script phase.\necho \"SUCCESS\" > \"${SCRIPT_OUTPUT_FILE_0}\"\n";
			showEnvVarsInLog = 0;
		};
		D7F4EA124A0E2DA38C576158 /* [CP] Embed Pods Frameworks */ = {
			isa = PBXShellScriptBuildPhase;
			buildActionMask = 2147483647;
			files = (
			);
			inputFileListPaths = (
				"${PODS_ROOT}/Target Support Files/Pods-ARQuickLookKitSample/Pods-ARQuickLookKitSample-frameworks-${CONFIGURATION}-input-files.xcfilelist",
			);
			name = "[CP] Embed Pods Frameworks";
			outputFileListPaths = (
				"${PODS_ROOT}/Target Support Files/Pods-ARQuickLookKitSample/Pods-ARQuickLookKitSample-frameworks-${CONFIGURATION}-output-files.xcfilelist",
			);
			runOnlyForDeploymentPostprocessing = 0;
			shellPath = /bin/sh;
			shellScript = "\"${PODS_ROOT}/Target Support Files/Pods-ARQuickLookKitSample/Pods-ARQuickLookKitSample-frameworks.sh\"\n";
			showEnvVarsInLog = 0;
		};
/* End PBXShellScriptBuildPhase section */

/* Begin PBXSourcesBuildPhase section */
		65D3227B2851C8F6008D665A /* Sources */ = {
			isa = PBXSourcesBuildPhase;
			buildActionMask = 2147483647;
			files = (
				652703742851CAB5006637BF /* ViewController.swift in Sources */,
				652703752851CAB5006637BF /* ViewController+UIGestureRecognizerDelegate.swift in Sources */,
				65D322832851C8F6008D665A /* AppDelegate.swift in Sources */,
				652703762851CAB5006637BF /* ViewController+ARSCNViewDelegate.swift in Sources */,
				65D322852851C8F6008D665A /* SceneDelegate.swift in Sources */,
			);
			runOnlyForDeploymentPostprocessing = 0;
		};
/* End PBXSourcesBuildPhase section */

/* Begin PBXVariantGroup section */
		65D322882851C8F6008D665A /* Main.storyboard */ = {
			isa = PBXVariantGroup;
			children = (
				65D322892851C8F6008D665A /* Base */,
			);
			name = Main.storyboard;
			sourceTree = "<group>";
		};
		65D3228D2851C8F7008D665A /* LaunchScreen.storyboard */ = {
			isa = PBXVariantGroup;
			children = (
				65D3228E2851C8F7008D665A /* Base */,
			);
			name = LaunchScreen.storyboard;
			sourceTree = "<group>";
		};
/* End PBXVariantGroup section */

/* Begin XCBuildConfiguration section */
		65D322912851C8F7008D665A /* Debug */ = {
			isa = XCBuildConfiguration;
			buildSettings = {
				ALWAYS_SEARCH_USER_PATHS = NO;
				CLANG_ANALYZER_NONNULL = YES;
				CLANG_ANALYZER_NUMBER_OBJECT_CONVERSION = YES_AGGRESSIVE;
				CLANG_CXX_LANGUAGE_STANDARD = "gnu++17";
				CLANG_ENABLE_MODULES = YES;
				CLANG_ENABLE_OBJC_ARC = YES;
				CLANG_ENABLE_OBJC_WEAK = YES;
				CLANG_WARN_BLOCK_CAPTURE_AUTORELEASING = YES;
				CLANG_WARN_BOOL_CONVERSION = YES;
				CLANG_WARN_COMMA = YES;
				CLANG_WARN_CONSTANT_CONVERSION = YES;
				CLANG_WARN_DEPRECATED_OBJC_IMPLEMENTATIONS = YES;
				CLANG_WARN_DIRECT_OBJC_ISA_USAGE = YES_ERROR;
				CLANG_WARN_DOCUMENTATION_COMMENTS = YES;
				CLANG_WARN_EMPTY_BODY = YES;
				CLANG_WARN_ENUM_CONVERSION = YES;
				CLANG_WARN_INFINITE_RECURSION = YES;
				CLANG_WARN_INT_CONVERSION = YES;
				CLANG_WARN_NON_LITERAL_NULL_CONVERSION = YES;
				CLANG_WARN_OBJC_IMPLICIT_RETAIN_SELF = YES;
				CLANG_WARN_OBJC_LITERAL_CONVERSION = YES;
				CLANG_WARN_OBJC_ROOT_CLASS = YES_ERROR;
				CLANG_WARN_QUOTED_INCLUDE_IN_FRAMEWORK_HEADER = YES;
				CLANG_WARN_RANGE_LOOP_ANALYSIS = YES;
				CLANG_WARN_STRICT_PROTOTYPES = YES;
				CLANG_WARN_SUSPICIOUS_MOVE = YES;
				CLANG_WARN_UNGUARDED_AVAILABILITY = YES_AGGRESSIVE;
				CLANG_WARN_UNREACHABLE_CODE = YES;
				CLANG_WARN__DUPLICATE_METHOD_MATCH = YES;
				COPY_PHASE_STRIP = NO;
				DEBUG_INFORMATION_FORMAT = dwarf;
				ENABLE_STRICT_OBJC_MSGSEND = YES;
				ENABLE_TESTABILITY = YES;
				GCC_C_LANGUAGE_STANDARD = gnu11;
				GCC_DYNAMIC_NO_PIC = NO;
				GCC_NO_COMMON_BLOCKS = YES;
				GCC_OPTIMIZATION_LEVEL = 0;
				GCC_PREPROCESSOR_DEFINITIONS = (
					"DEBUG=1",
					"$(inherited)",
				);
				GCC_WARN_64_TO_32_BIT_CONVERSION = YES;
				GCC_WARN_ABOUT_RETURN_TYPE = YES_ERROR;
				GCC_WARN_UNDECLARED_SELECTOR = YES;
				GCC_WARN_UNINITIALIZED_AUTOS = YES_AGGRESSIVE;
				GCC_WARN_UNUSED_FUNCTION = YES;
				GCC_WARN_UNUSED_VARIABLE = YES;
				IPHONEOS_DEPLOYMENT_TARGET = 15.4;
				MTL_ENABLE_DEBUG_INFO = INCLUDE_SOURCE;
				MTL_FAST_MATH = YES;
				ONLY_ACTIVE_ARCH = YES;
				SDKROOT = iphoneos;
				SWIFT_ACTIVE_COMPILATION_CONDITIONS = DEBUG;
				SWIFT_OPTIMIZATION_LEVEL = "-Onone";
			};
			name = Debug;
		};
		65D322922851C8F7008D665A /* Release */ = {
			isa = XCBuildConfiguration;
			buildSettings = {
				ALWAYS_SEARCH_USER_PATHS = NO;
				CLANG_ANALYZER_NONNULL = YES;
				CLANG_ANALYZER_NUMBER_OBJECT_CONVERSION = YES_AGGRESSIVE;
				CLANG_CXX_LANGUAGE_STANDARD = "gnu++17";
				CLANG_ENABLE_MODULES = YES;
				CLANG_ENABLE_OBJC_ARC = YES;
				CLANG_ENABLE_OBJC_WEAK = YES;
				CLANG_WARN_BLOCK_CAPTURE_AUTORELEASING = YES;
				CLANG_WARN_BOOL_CONVERSION = YES;
				CLANG_WARN_COMMA = YES;
				CLANG_WARN_CONSTANT_CONVERSION = YES;
				CLANG_WARN_DEPRECATED_OBJC_IMPLEMENTATIONS = YES;
				CLANG_WARN_DIRECT_OBJC_ISA_USAGE = YES_ERROR;
				CLANG_WARN_DOCUMENTATION_COMMENTS = YES;
				CLANG_WARN_EMPTY_BODY = YES;
				CLANG_WARN_ENUM_CONVERSION = YES;
				CLANG_WARN_INFINITE_RECURSION = YES;
				CLANG_WARN_INT_CONVERSION = YES;
				CLANG_WARN_NON_LITERAL_NULL_CONVERSION = YES;
				CLANG_WARN_OBJC_IMPLICIT_RETAIN_SELF = YES;
				CLANG_WARN_OBJC_LITERAL_CONVERSION = YES;
				CLANG_WARN_OBJC_ROOT_CLASS = YES_ERROR;
				CLANG_WARN_QUOTED_INCLUDE_IN_FRAMEWORK_HEADER = YES;
				CLANG_WARN_RANGE_LOOP_ANALYSIS = YES;
				CLANG_WARN_STRICT_PROTOTYPES = YES;
				CLANG_WARN_SUSPICIOUS_MOVE = YES;
				CLANG_WARN_UNGUARDED_AVAILABILITY = YES_AGGRESSIVE;
				CLANG_WARN_UNREACHABLE_CODE = YES;
				CLANG_WARN__DUPLICATE_METHOD_MATCH = YES;
				COPY_PHASE_STRIP = NO;
				DEBUG_INFORMATION_FORMAT = "dwarf-with-dsym";
				ENABLE_NS_ASSERTIONS = NO;
				ENABLE_STRICT_OBJC_MSGSEND = YES;
				GCC_C_LANGUAGE_STANDARD = gnu11;
				GCC_NO_COMMON_BLOCKS = YES;
				GCC_WARN_64_TO_32_BIT_CONVERSION = YES;
				GCC_WARN_ABOUT_RETURN_TYPE = YES_ERROR;
				GCC_WARN_UNDECLARED_SELECTOR = YES;
				GCC_WARN_UNINITIALIZED_AUTOS = YES_AGGRESSIVE;
				GCC_WARN_UNUSED_FUNCTION = YES;
				GCC_WARN_UNUSED_VARIABLE = YES;
				IPHONEOS_DEPLOYMENT_TARGET = 15.4;
				MTL_ENABLE_DEBUG_INFO = NO;
				MTL_FAST_MATH = YES;
				SDKROOT = iphoneos;
				SWIFT_COMPILATION_MODE = wholemodule;
				SWIFT_OPTIMIZATION_LEVEL = "-O";
				VALIDATE_PRODUCT = YES;
			};
			name = Release;
		};
		65D322942851C8F7008D665A /* Debug */ = {
			isa = XCBuildConfiguration;
			baseConfigurationReference = 01C1B6FE1AE66C13936D4402 /* Pods-ARQuickLookKitSample.debug.xcconfig */;
			buildSettings = {
				ASSETCATALOG_COMPILER_APPICON_NAME = AppIcon;
				ASSETCATALOG_COMPILER_GLOBAL_ACCENT_COLOR_NAME = AccentColor;
				CODE_SIGN_STYLE = Automatic;
				CURRENT_PROJECT_VERSION = 1;
				DEVELOPMENT_TEAM = SUV34UZRXX;
				GENERATE_INFOPLIST_FILE = YES;
				INFOPLIST_FILE = ARQuickLookKitSample/Info.plist;
				INFOPLIST_KEY_NSCameraUsageDescription = "開啟 AR 畫面";
				INFOPLIST_KEY_NSMicrophoneUsageDescription = "錄影時收音用";
				INFOPLIST_KEY_NSPhotoLibraryAddUsageDescription = "新增照片";
				INFOPLIST_KEY_NSPhotoLibraryUsageDescription = "儲存錄影";
				INFOPLIST_KEY_UIApplicationSupportsIndirectInputEvents = YES;
				INFOPLIST_KEY_UILaunchStoryboardName = LaunchScreen;
				INFOPLIST_KEY_UIMainStoryboardFile = Main;
				INFOPLIST_KEY_UISupportedInterfaceOrientations_iPad = "UIInterfaceOrientationPortrait UIInterfaceOrientationPortraitUpsideDown UIInterfaceOrientationLandscapeLeft UIInterfaceOrientationLandscapeRight";
				INFOPLIST_KEY_UISupportedInterfaceOrientations_iPhone = "UIInterfaceOrientationPortrait UIInterfaceOrientationLandscapeLeft UIInterfaceOrientationLandscapeRight";
				LD_RUNPATH_SEARCH_PATHS = (
					"$(inherited)",
					"@executable_path/Frameworks",
				);
				MARKETING_VERSION = 1.0;
				PRODUCT_BUNDLE_IDENTIFIER = com.osensetech.ARQuickLookKitSample;
				PRODUCT_NAME = "$(TARGET_NAME)";
				SWIFT_EMIT_LOC_STRINGS = YES;
				SWIFT_VERSION = 5.0;
				TARGETED_DEVICE_FAMILY = "1,2";
			};
			name = Debug;
		};
		65D322952851C8F7008D665A /* Release */ = {
			isa = XCBuildConfiguration;
			baseConfigurationReference = C1E88C4426435A779887F206 /* Pods-ARQuickLookKitSample.release.xcconfig */;
			buildSettings = {
				ASSETCATALOG_COMPILER_APPICON_NAME = AppIcon;
				ASSETCATALOG_COMPILER_GLOBAL_ACCENT_COLOR_NAME = AccentColor;
				CODE_SIGN_STYLE = Automatic;
				CURRENT_PROJECT_VERSION = 1;
				DEVELOPMENT_TEAM = SUV34UZRXX;
				GENERATE_INFOPLIST_FILE = YES;
				INFOPLIST_FILE = ARQuickLookKitSample/Info.plist;
				INFOPLIST_KEY_NSCameraUsageDescription = "開啟 AR 畫面";
				INFOPLIST_KEY_NSMicrophoneUsageDescription = "錄影時收音用";
				INFOPLIST_KEY_NSPhotoLibraryAddUsageDescription = "新增照片";
				INFOPLIST_KEY_NSPhotoLibraryUsageDescription = "儲存錄影";
				INFOPLIST_KEY_UIApplicationSupportsIndirectInputEvents = YES;
				INFOPLIST_KEY_UILaunchStoryboardName = LaunchScreen;
				INFOPLIST_KEY_UIMainStoryboardFile = Main;
				INFOPLIST_KEY_UISupportedInterfaceOrientations_iPad = "UIInterfaceOrientationPortrait UIInterfaceOrientationPortraitUpsideDown UIInterfaceOrientationLandscapeLeft UIInterfaceOrientationLandscapeRight";
				INFOPLIST_KEY_UISupportedInterfaceOrientations_iPhone = "UIInterfaceOrientationPortrait UIInterfaceOrientationLandscapeLeft UIInterfaceOrientationLandscapeRight";
				LD_RUNPATH_SEARCH_PATHS = (
					"$(inherited)",
					"@executable_path/Frameworks",
				);
				MARKETING_VERSION = 1.0;
				PRODUCT_BUNDLE_IDENTIFIER = com.osensetech.ARQuickLookKitSample;
				PRODUCT_NAME = "$(TARGET_NAME)";
				SWIFT_EMIT_LOC_STRINGS = YES;
				SWIFT_VERSION = 5.0;
				TARGETED_DEVICE_FAMILY = "1,2";
			};
			name = Release;
		};
/* End XCBuildConfiguration section */

/* Begin XCConfigurationList section */
		65D3227A2851C8F6008D665A /* Build configuration list for PBXProject "ARQuickLookKitSample" */ = {
			isa = XCConfigurationList;
			buildConfigurations = (
				65D322912851C8F7008D665A /* Debug */,
				65D322922851C8F7008D665A /* Release */,
			);
			defaultConfigurationIsVisible = 0;
			defaultConfigurationName = Release;
		};
		65D322932851C8F7008D665A /* Build configuration list for PBXNativeTarget "ARQuickLookKitSample" */ = {
			isa = XCConfigurationList;
			buildConfigurations = (
				65D322942851C8F7008D665A /* Debug */,
				65D322952851C8F7008D665A /* Release */,
			);
			defaultConfigurationIsVisible = 0;
			defaultConfigurationName = Release;
		};
/* End XCConfigurationList section */

/* Begin XCRemoteSwiftPackageReference section */
		652703772851CB5F006637BF /* XCRemoteSwiftPackageReference "SnapKit" */ = {
			isa = XCRemoteSwiftPackageReference;
			repositoryURL = "https://github.com/SnapKit/SnapKit";
			requirement = {
				kind = upToNextMajorVersion;
				minimumVersion = 5.0.0;
			};
		};
/* End XCRemoteSwiftPackageReference section */

/* Begin XCSwiftPackageProductDependency section */
		6527036D2851CA61006637BF /* ARQuickLookKit */ = {
			isa = XCSwiftPackageProductDependency;
			productName = ARQuickLookKit;
		};
		6527036F2851CA64006637BF /* CameraButton */ = {
			isa = XCSwiftPackageProductDependency;
			productName = CameraButton;
		};
		652703782851CB5F006637BF /* SnapKit */ = {
			isa = XCSwiftPackageProductDependency;
			package = 652703772851CB5F006637BF /* XCRemoteSwiftPackageReference "SnapKit" */;
			productName = SnapKit;
		};
/* End XCSwiftPackageProductDependency section */
	};
	rootObject = 65D322772851C8F6008D665A /* Project object */;
}
